
Microsoft Visual Studio Solution File, Format Version 12.00
# Visual Studio 2012
Project("{FAE04EC0-301F-11D3-BF4B-00C04F79EFBC}") = "Dicionario", "Dicionario\Dicionario.csproj", "{6011516E-CE4D-462C-A41E-FF4B19A7A0BA}"
EndProject
Project("{FAE04EC0-301F-11D3-BF4B-00C04F79EFBC}") = "TextMining.Biblioteca", "..\TextMining\TextMining.Biblioteca\TextMining.Biblioteca\TextMining.Biblioteca.csproj", "{803F8AAC-E013-4DD3-8FD0-B082AECDA81F}"
EndProject
Global
	GlobalSection(SolutionConfigurationPlatforms) = preSolution
		Debug|Any CPU = Debug|Any CPU
		Release|Any CPU = Release|Any CPU
	EndGlobalSection
	GlobalSection(ProjectConfigurationPlatforms) = postSolution
		{6011516E-CE4D-462C-A41E-FF4B19A7A0BA}.Debug|Any CPU.ActiveCfg = Debug|Any CPU
		{6011516E-CE4D-462C-A41E-FF4B19A7A0BA}.Debug|Any CPU.Build.0 = Debug|Any CPU
		{6011516E-CE4D-462C-A41E-FF4B19A7A0BA}.Release|Any CPU.ActiveCfg = Release|Any CPU
		{6011516E-CE4D-462C-A41E-FF4B19A7A0BA}.Release|Any CPU.Build.0 = Release|Any CPU
		{803F8AAC-E013-4DD3-8FD0-B082AECDA81F}.Debug|Any CPU.ActiveCfg = Debug|Any CPU
		{803F8AAC-E013-4DD3-8FD0-B082AECDA81F}.Debug|Any CPU.Build.0 = Debug|Any CPU
		{803F8AAC-E013-4DD3-8FD0-B082AECDA81F}.Release|Any CPU.ActiveCfg = Release|Any CPU
		{803F8AAC-E013-4DD3-8FD0-B082AECDA81F}.Release|Any CPU.Build.0 = Release|Any CPU
	EndGlobalSection
	GlobalSection(SolutionProperties) = preSolution
		HideSolutionNode = FALSE
	EndGlobalSection
EndGlobal
